
Microsoft Visual Studio Solution File, Format Version 12.00
# Visual Studio Version 16
VisualStudioVersion = 16.0.32126.315
MinimumVisualStudioVersion = 10.0.40219.1
Project("{FAE04EC0-301F-11D3-BF4B-00C04F79EFBC}") = "RedundantMultithreading", "RedundantMultithreading.csproj", "{D80A742B-AF9A-4AA1-9F2F-F49738518DFC}"
EndProject
Global
	GlobalSection(SolutionConfigurationPlatforms) = preSolution
		Debug|Any CPU = Debug|Any CPU
		Release|Any CPU = Release|Any CPU
	EndGlobalSection
	GlobalSection(ProjectConfigurationPlatforms) = postSolution
		{D80A742B-AF9A-4AA1-9F2F-F49738518DFC}.Debug|Any CPU.ActiveCfg = Debug|Any CPU
		{D80A742B-AF9A-4AA1-9F2F-F49738518DFC}.Debug|Any CPU.Build.0 = Debug|Any CPU
		{D80A742B-AF9A-4AA1-9F2F-F49738518DFC}.Release|Any CPU.ActiveCfg = Release|Any CPU
		{D80A742B-AF9A-4AA1-9F2F-F49738518DFC}.Release|Any CPU.Build.0 = Release|Any CPU
	EndGlobalSection
	GlobalSection(SolutionProperties) = preSolution
		HideSolutionNode = FALSE
	EndGlobalSection
	GlobalSection(ExtensibilityGlobals) = postSolution
		SolutionGuid = {5A2CB80B-4BC0-408C-B647-8A241EE7B06B}
	EndGlobalSection
EndGlobal
